{
  "originHash" : "4141baa794cf8bec9d03a6b8485756e34cb9e399bf8c203a218b3252aa4463b6",
  "pins" : [
    {
      "identity" : "fullyrestful",
      "kind" : "remoteSourceControl",
      "location" : "https://github.com/southkin/FullyRESTful.git",
      "state" : {
        "revision" : "fef376f0fc8e11375b13b66128a70e0d2bd4a606",
        "version" : "3.1.4"
      }
    },
    {
      "identity" : "kinkit",
      "kind" : "remoteSourceControl",
      "location" : "https://github.com/southkin/KinKit",
      "state" : {
        "revision" : "664edbd3842dc7edd56180a76eeba201c6f84c4a",
        "version" : "1.0.1"
      }
    }
  ],
  "version" : 3
}
